
Microsoft Visual Studio Solution File, Format Version 12.00
# Visual Studio 15
VisualStudioVersion = 15.0.27004.2010
MinimumVisualStudioVersion = 10.0.40219.1
Project("{888888A0-9F3D-457C-B088-3A5042F75D52}") = "stealthebasis", "stealthebasis.pyproj", "{6B736B05-1A6C-477E-977E-44DB7B7E0B59}"
EndProject
Global
	GlobalSection(SolutionConfigurationPlatforms) = preSolution
		Debug|Any CPU = Debug|Any CPU
		Release|Any CPU = Release|Any CPU
	EndGlobalSection
	GlobalSection(ProjectConfigurationPlatforms) = postSolution
		{6B736B05-1A6C-477E-977E-44DB7B7E0B59}.Debug|Any CPU.ActiveCfg = Debug|Any CPU
		{6B736B05-1A6C-477E-977E-44DB7B7E0B59}.Release|Any CPU.ActiveCfg = Release|Any CPU
	EndGlobalSection
	GlobalSection(SolutionProperties) = preSolution
		HideSolutionNode = FALSE
	EndGlobalSection
	GlobalSection(ExtensibilityGlobals) = postSolution
		SolutionGuid = {E4E9CDE7-EDD1-4A37-A17D-CDD9BEFF691E}
	EndGlobalSection
EndGlobal
